Microsoft Visual Studio Solution File, Format Version 12.00
# Visual Studio Version 17
VisualStudioVersion = 17.5.2.0
MinimumVisualStudioVersion = 10.0.40219.1
Project("{FAE04EC0-301F-11D3-BF4B-00C04F79EFBC}") = "FplWebApp", "FplWebApp\FplWebApp.csproj", "{95AFD16A-F7DA-1C7B-958E-DF1316B9BBBB}"
EndProject
Global
	GlobalSection(SolutionConfigurationPlatforms) = preSolution
		Debug|Any CPU = Debug|Any CPU
		Release|Any CPU = Release|Any CPU
	EndGlobalSection
	GlobalSection(ProjectConfigurationPlatforms) = postSolution
		{95AFD16A-F7DA-1C7B-958E-DF1316B9BBBB}.Debug|Any CPU.ActiveCfg = Debug|Any CPU
		{95AFD16A-F7DA-1C7B-958E-DF1316B9BBBB}.Debug|Any CPU.Build.0 = Debug|Any CPU
		{95AFD16A-F7DA-1C7B-958E-DF1316B9BBBB}.Release|Any CPU.ActiveCfg = Release|Any CPU
		{95AFD16A-F7DA-1C7B-958E-DF1316B9BBBB}.Release|Any CPU.Build.0 = Release|Any CPU
	EndGlobalSection
	GlobalSection(SolutionProperties) = preSolution
		HideSolutionNode = FALSE
	EndGlobalSection
	GlobalSection(ExtensibilityGlobals) = postSolution
		SolutionGuid = {E551931D-D6A0-40CE-A35F-A38F59A0CA5D}
	EndGlobalSection
EndGlobal
